
Microsoft Visual Studio Solution File, Format Version 12.00
# Visual Studio 15
VisualStudioVersion = 15.0.28307.489
MinimumVisualStudioVersion = 10.0.40219.1
Project("{9A19103F-16F7-4668-BE54-9A1E7A4F7556}") = "REST.WebApi", "WebApplication1\REST.WebApi.csproj", "{788C424B-E92E-4E09-90A9-046D9025343C}"
EndProject
Project("{9A19103F-16F7-4668-BE54-9A1E7A4F7556}") = "REST.BLL", "REST.DAL\REST.BLL.csproj", "{8E028BE0-35F0-4F88-80AC-353103001AE0}"
EndProject
Project("{9A19103F-16F7-4668-BE54-9A1E7A4F7556}") = "REST.DataAccess", "REST.BLL\REST.DataAccess.csproj", "{F303D57C-3191-40D5-9E03-951C26EA6A8A}"
EndProject
Global
	GlobalSection(SolutionConfigurationPlatforms) = preSolution
		Debug|Any CPU = Debug|Any CPU
		Release|Any CPU = Release|Any CPU
	EndGlobalSection
	GlobalSection(ProjectConfigurationPlatforms) = postSolution
		{788C424B-E92E-4E09-90A9-046D9025343C}.Debug|Any CPU.ActiveCfg = Debug|Any CPU
		{788C424B-E92E-4E09-90A9-046D9025343C}.Debug|Any CPU.Build.0 = Debug|Any CPU
		{788C424B-E92E-4E09-90A9-046D9025343C}.Release|Any CPU.ActiveCfg = Release|Any CPU
		{788C424B-E92E-4E09-90A9-046D9025343C}.Release|Any CPU.Build.0 = Release|Any CPU
		{8E028BE0-35F0-4F88-80AC-353103001AE0}.Debug|Any CPU.ActiveCfg = Debug|Any CPU
		{8E028BE0-35F0-4F88-80AC-353103001AE0}.Debug|Any CPU.Build.0 = Debug|Any CPU
		{8E028BE0-35F0-4F88-80AC-353103001AE0}.Release|Any CPU.ActiveCfg = Release|Any CPU
		{8E028BE0-35F0-4F88-80AC-353103001AE0}.Release|Any CPU.Build.0 = Release|Any CPU
		{F303D57C-3191-40D5-9E03-951C26EA6A8A}.Debug|Any CPU.ActiveCfg = Debug|Any CPU
		{F303D57C-3191-40D5-9E03-951C26EA6A8A}.Debug|Any CPU.Build.0 = Debug|Any CPU
		{F303D57C-3191-40D5-9E03-951C26EA6A8A}.Release|Any CPU.ActiveCfg = Release|Any CPU
		{F303D57C-3191-40D5-9E03-951C26EA6A8A}.Release|Any CPU.Build.0 = Release|Any CPU
	EndGlobalSection
	GlobalSection(SolutionProperties) = preSolution
		HideSolutionNode = FALSE
	EndGlobalSection
	GlobalSection(ExtensibilityGlobals) = postSolution
		SolutionGuid = {5AFF4E00-A012-4C1D-870D-15B9E37D5D68}
	EndGlobalSection
EndGlobal
