
Microsoft Visual Studio Solution File, Format Version 12.00
# Visual Studio 15
VisualStudioVersion = 15.0.28307.489
MinimumVisualStudioVersion = 10.0.40219.1
Project("{9A19103F-16F7-4668-BE54-9A1E7A4F7556}") = "REST.Homework.WebAPI", "REST.Homework\REST.Homework.WebAPI.csproj", "{71A94BA3-6EC1-4C59-B518-39AB2F8DC1E5}"
EndProject
Project("{2150E333-8FDC-42A3-9474-1A3956D46DE8}") = "2_REST.Homework.BLL", "2_REST.Homework.BLL", "{BDADC497-9D78-48E0-93E8-6888D8EEEBBA}"
EndProject
Project("{2150E333-8FDC-42A3-9474-1A3956D46DE8}") = "1_REST.Homework.DAL", "1_REST.Homework.DAL", "{20F57933-B125-47C6-9E84-F8B2400DEE3E}"
EndProject
Project("{9A19103F-16F7-4668-BE54-9A1E7A4F7556}") = "REST.Homework.DAL.Repositories", "REST.Homework.BLL.Repositories\REST.Homework.DAL.Repositories.csproj", "{2A05FB09-D326-485A-8310-ABBB71012AB5}"
EndProject
Project("{9A19103F-16F7-4668-BE54-9A1E7A4F7556}") = "REST.Homework.Services", "REST.Homework.Services\REST.Homework.Services.csproj", "{B6E4F1A8-331F-42F5-88F3-2DAB91D6D5E0}"
EndProject
Project("{FAE04EC0-301F-11D3-BF4B-00C04F79EFBC}") = "DependencyResolver", "DependencyResolver\DependencyResolver.csproj", "{11165DAB-3A5C-4535-9421-DACA870CDCBD}"
EndProject
Global
	GlobalSection(SolutionConfigurationPlatforms) = preSolution
		Debug|Any CPU = Debug|Any CPU
		Release|Any CPU = Release|Any CPU
	EndGlobalSection
	GlobalSection(ProjectConfigurationPlatforms) = postSolution
		{71A94BA3-6EC1-4C59-B518-39AB2F8DC1E5}.Debug|Any CPU.ActiveCfg = Debug|Any CPU
		{71A94BA3-6EC1-4C59-B518-39AB2F8DC1E5}.Debug|Any CPU.Build.0 = Debug|Any CPU
		{71A94BA3-6EC1-4C59-B518-39AB2F8DC1E5}.Release|Any CPU.ActiveCfg = Release|Any CPU
		{71A94BA3-6EC1-4C59-B518-39AB2F8DC1E5}.Release|Any CPU.Build.0 = Release|Any CPU
		{2A05FB09-D326-485A-8310-ABBB71012AB5}.Debug|Any CPU.ActiveCfg = Debug|Any CPU
		{2A05FB09-D326-485A-8310-ABBB71012AB5}.Debug|Any CPU.Build.0 = Debug|Any CPU
		{2A05FB09-D326-485A-8310-ABBB71012AB5}.Release|Any CPU.ActiveCfg = Release|Any CPU
		{2A05FB09-D326-485A-8310-ABBB71012AB5}.Release|Any CPU.Build.0 = Release|Any CPU
		{B6E4F1A8-331F-42F5-88F3-2DAB91D6D5E0}.Debug|Any CPU.ActiveCfg = Debug|Any CPU
		{B6E4F1A8-331F-42F5-88F3-2DAB91D6D5E0}.Debug|Any CPU.Build.0 = Debug|Any CPU
		{B6E4F1A8-331F-42F5-88F3-2DAB91D6D5E0}.Release|Any CPU.ActiveCfg = Release|Any CPU
		{B6E4F1A8-331F-42F5-88F3-2DAB91D6D5E0}.Release|Any CPU.Build.0 = Release|Any CPU
		{11165DAB-3A5C-4535-9421-DACA870CDCBD}.Debug|Any CPU.ActiveCfg = Debug|Any CPU
		{11165DAB-3A5C-4535-9421-DACA870CDCBD}.Debug|Any CPU.Build.0 = Debug|Any CPU
		{11165DAB-3A5C-4535-9421-DACA870CDCBD}.Release|Any CPU.ActiveCfg = Release|Any CPU
		{11165DAB-3A5C-4535-9421-DACA870CDCBD}.Release|Any CPU.Build.0 = Release|Any CPU
	EndGlobalSection
	GlobalSection(SolutionProperties) = preSolution
		HideSolutionNode = FALSE
	EndGlobalSection
	GlobalSection(NestedProjects) = preSolution
		{2A05FB09-D326-485A-8310-ABBB71012AB5} = {20F57933-B125-47C6-9E84-F8B2400DEE3E}
		{B6E4F1A8-331F-42F5-88F3-2DAB91D6D5E0} = {BDADC497-9D78-48E0-93E8-6888D8EEEBBA}
	EndGlobalSection
	GlobalSection(ExtensibilityGlobals) = postSolution
		SolutionGuid = {36480CEE-2A27-4E02-9B9D-9ADA9644C3FE}
	EndGlobalSection
EndGlobal
