
Microsoft Visual Studio Solution File, Format Version 12.00
# Visual Studio 15
VisualStudioVersion = 15.0.28307.489
MinimumVisualStudioVersion = 10.0.40219.1
Project("{FAE04EC0-301F-11D3-BF4B-00C04F79EFBC}") = "ParserHw", "ParserHw\ParserHw.csproj", "{BD67C546-A51C-4475-94D4-7E217F26E31E}"
EndProject
Project("{FAE04EC0-301F-11D3-BF4B-00C04F79EFBC}") = "Parser.BL", "Parser.BL\Parser.BL.csproj", "{559D4252-4B86-4C54-A9E9-27FF49CEFFFD}"
EndProject
Global
	GlobalSection(SolutionConfigurationPlatforms) = preSolution
		Debug|Any CPU = Debug|Any CPU
		Release|Any CPU = Release|Any CPU
	EndGlobalSection
	GlobalSection(ProjectConfigurationPlatforms) = postSolution
		{BD67C546-A51C-4475-94D4-7E217F26E31E}.Debug|Any CPU.ActiveCfg = Debug|Any CPU
		{BD67C546-A51C-4475-94D4-7E217F26E31E}.Debug|Any CPU.Build.0 = Debug|Any CPU
		{BD67C546-A51C-4475-94D4-7E217F26E31E}.Release|Any CPU.ActiveCfg = Release|Any CPU
		{BD67C546-A51C-4475-94D4-7E217F26E31E}.Release|Any CPU.Build.0 = Release|Any CPU
		{559D4252-4B86-4C54-A9E9-27FF49CEFFFD}.Debug|Any CPU.ActiveCfg = Debug|Any CPU
		{559D4252-4B86-4C54-A9E9-27FF49CEFFFD}.Debug|Any CPU.Build.0 = Debug|Any CPU
		{559D4252-4B86-4C54-A9E9-27FF49CEFFFD}.Release|Any CPU.ActiveCfg = Release|Any CPU
		{559D4252-4B86-4C54-A9E9-27FF49CEFFFD}.Release|Any CPU.Build.0 = Release|Any CPU
	EndGlobalSection
	GlobalSection(SolutionProperties) = preSolution
		HideSolutionNode = FALSE
	EndGlobalSection
	GlobalSection(ExtensibilityGlobals) = postSolution
		SolutionGuid = {DB37B59F-BDDE-436F-8F7B-01944D49CE3C}
	EndGlobalSection
EndGlobal
